
Microsoft Visual Studio Solution File, Format Version 12.00
# Visual Studio Version 16
VisualStudioVersion = 16.0.30717.126
MinimumVisualStudioVersion = 10.0.40219.1
Project("{FAE04EC0-301F-11D3-BF4B-00C04F79EFBC}") = "AutoTransportes", "AutoTransportes.csproj", "{06D7FFFB-96DB-4F34-9C36-517C6FC2300A}"
EndProject
Global
	GlobalSection(SolutionConfigurationPlatforms) = preSolution
		Debug|Any CPU = Debug|Any CPU
		Release|Any CPU = Release|Any CPU
	EndGlobalSection
	GlobalSection(ProjectConfigurationPlatforms) = postSolution
		{06D7FFFB-96DB-4F34-9C36-517C6FC2300A}.Debug|Any CPU.ActiveCfg = Debug|Any CPU
		{06D7FFFB-96DB-4F34-9C36-517C6FC2300A}.Debug|Any CPU.Build.0 = Debug|Any CPU
		{06D7FFFB-96DB-4F34-9C36-517C6FC2300A}.Release|Any CPU.ActiveCfg = Release|Any CPU
		{06D7FFFB-96DB-4F34-9C36-517C6FC2300A}.Release|Any CPU.Build.0 = Release|Any CPU
	EndGlobalSection
	GlobalSection(SolutionProperties) = preSolution
		HideSolutionNode = FALSE
	EndGlobalSection
	GlobalSection(ExtensibilityGlobals) = postSolution
		SolutionGuid = {643F28EC-5365-4783-A713-32F172676AF7}
	EndGlobalSection
EndGlobal
